{
  "nodes": {
    "emacs-src": {
      "flake": false,
      "locked": {
        "lastModified": 1668797433,
        "narHash": "sha256-ictwGrQMmmGMu1cVGCtd+J4qRwQqyhtPb0P5lgOoadg=",
        "owner": "emacs-mirror",
        "repo": "emacs",
        "rev": "87fce324c6bd135532958b1ad1496a3da67b7936",
        "type": "github"
      },
      "original": {
        "owner": "emacs-mirror",
        "repo": "emacs",
        "type": "github"
      }
    },
    "emacs-vterm-src": {
      "flake": false,
      "locked": {
        "lastModified": 1668779692,
        "narHash": "sha256-dNW3eXgFgah7eIug+MqXTl59HfSbM5HLKwHdp1CAmyo=",
        "owner": "akermu",
        "repo": "emacs-libvterm",
        "rev": "f14d113ee4618f052879509ec378feb9766b871b",
        "type": "github"
      },
      "original": {
        "owner": "akermu",
        "repo": "emacs-libvterm",
        "type": "github"
      }
    },
    "nixpkgs": {
      "locked": {
        "lastModified": 1668793589,
        "narHash": "sha256-R46LmO8VWjYjaeGBKjBL1zmvB1ziO5mtv0fJzkNbXiY=",
        "owner": "nixos",
        "repo": "nixpkgs",
        "rev": "4c80e3665c019daaa91347fbcb4e5ae078cc39d3",
        "type": "github"
      },
      "original": {
        "owner": "nixos",
        "ref": "nixpkgs-unstable",
        "repo": "nixpkgs",
        "type": "github"
      }
    },
    "root": {
      "inputs": {
        "emacs-src": "emacs-src",
        "emacs-vterm-src": "emacs-vterm-src",
        "nixpkgs": "nixpkgs"
      }
    }
  },
  "root": "root",
  "version": 7
}
