{
  "nodes": {
    "emacs-src": {
      "flake": false,
      "locked": {
        "lastModified": 1678311369,
        "narHash": "sha256-vV7Nx+XC6ocpwX/hnhKevJGCWH1lKugBCt6642Wr4EA=",
        "owner": "emacs-mirror",
        "repo": "emacs",
        "rev": "38427494d5b86d803f941b77134886ba5eec20dd",
        "type": "github"
      },
      "original": {
        "owner": "emacs-mirror",
        "repo": "emacs",
        "type": "github"
      }
    },
    "emacs-vterm-src": {
      "flake": false,
      "locked": {
        "lastModified": 1676600925,
        "narHash": "sha256-c3puNJ0YATQkT3tjQ22PPmMonNzTp6SPzzheS7m1pd8=",
        "owner": "akermu",
        "repo": "emacs-libvterm",
        "rev": "3e5a9b754b8e61850bb7d1b63b090b9fbf6687f3",
        "type": "github"
      },
      "original": {
        "owner": "akermu",
        "repo": "emacs-libvterm",
        "type": "github"
      }
    },
    "nixpkgs": {
      "locked": {
        "lastModified": 1678268259,
        "narHash": "sha256-q+ZWNJfXKgIKwsZBir0yXrmIV/4tOv5BflxDAfGISps=",
        "owner": "nixos",
        "repo": "nixpkgs",
        "rev": "90ef5c3c337d8d9f0c97e7641ece70a41f6c16a2",
        "type": "github"
      },
      "original": {
        "owner": "nixos",
        "ref": "nixpkgs-unstable",
        "repo": "nixpkgs",
        "type": "github"
      }
    },
    "root": {
      "inputs": {
        "emacs-src": "emacs-src",
        "emacs-vterm-src": "emacs-vterm-src",
        "nixpkgs": "nixpkgs"
      }
    }
  },
  "root": "root",
  "version": 7
}
