{
  "nodes": {
    "emacs-src": {
      "flake": false,
      "locked": {
        "lastModified": 1678481650,
        "narHash": "sha256-+P9AHiRv/N/aIsskNnywFsLe6thig2dOwdzE51dA5uo=",
        "owner": "emacs-mirror",
        "repo": "emacs",
        "rev": "d236ab09300070696f21ebfda49678b11c2327eb",
        "type": "github"
      },
      "original": {
        "owner": "emacs-mirror",
        "repo": "emacs",
        "type": "github"
      }
    },
    "emacs-vterm-src": {
      "flake": false,
      "locked": {
        "lastModified": 1676600925,
        "narHash": "sha256-c3puNJ0YATQkT3tjQ22PPmMonNzTp6SPzzheS7m1pd8=",
        "owner": "akermu",
        "repo": "emacs-libvterm",
        "rev": "3e5a9b754b8e61850bb7d1b63b090b9fbf6687f3",
        "type": "github"
      },
      "original": {
        "owner": "akermu",
        "repo": "emacs-libvterm",
        "type": "github"
      }
    },
    "nixpkgs": {
      "locked": {
        "lastModified": 1678418513,
        "narHash": "sha256-HLLR2Fmkn3TgD0F+u5gMcTKx5YzAU1rbS4cLfm6ugiU=",
        "owner": "nixos",
        "repo": "nixpkgs",
        "rev": "5496585eb876f2ce97654bc8f96838c6f8642563",
        "type": "github"
      },
      "original": {
        "owner": "nixos",
        "ref": "nixpkgs-unstable",
        "repo": "nixpkgs",
        "type": "github"
      }
    },
    "root": {
      "inputs": {
        "emacs-src": "emacs-src",
        "emacs-vterm-src": "emacs-vterm-src",
        "nixpkgs": "nixpkgs"
      }
    }
  },
  "root": "root",
  "version": 7
}
